// !$*UTF8*$!
{
	archiveVersion = 1;
	classes = {
	};
	objectVersion = 48;
	objects = {

/* Begin PBXBuildFile section */
		8FFBA2951FC50C2200D718A1 /* AppDelegate.swift in Sources */ = {isa = PBXBuildFile; fileRef = 8FFBA2941FC50C2200D718A1 /* AppDelegate.swift */; };
		8FFBA2971FC50C2200D718A1 /* LoginVC.swift in Sources */ = {isa = PBXBuildFile; fileRef = 8FFBA2961FC50C2200D718A1 /* LoginVC.swift */; };
		8FFBA29A1FC50C2200D718A1 /* Main.storyboard in Resources */ = {isa = PBXBuildFile; fileRef = 8FFBA2981FC50C2200D718A1 /* Main.storyboard */; };
		8FFBA29C1FC50C2200D718A1 /* Assets.xcassets in Resources */ = {isa = PBXBuildFile; fileRef = 8FFBA29B1FC50C2200D718A1 /* Assets.xcassets */; };
		8FFBA29F1FC50C2200D718A1 /* LaunchScreen.storyboard in Resources */ = {isa = PBXBuildFile; fileRef = 8FFBA29D1FC50C2200D718A1 /* LaunchScreen.storyboard */; };
		8FFBA2A71FC50D5D00D718A1 /* MusicListVC.swift in Sources */ = {isa = PBXBuildFile; fileRef = 8FFBA2A61FC50D5D00D718A1 /* MusicListVC.swift */; };
		8FFBA2A91FC5277300D718A1 /* PlaySongVC.swift in Sources */ = {isa = PBXBuildFile; fileRef = 8FFBA2A81FC5277300D718A1 /* PlaySongVC.swift */; };
/* End PBXBuildFile section */

/* Begin PBXFileReference section */
		8FFBA2911FC50C2200D718A1 /* SwappingScreen.app */ = {isa = PBXFileReference; explicitFileType = wrapper.application; includeInIndex = 0; path = SwappingScreen.app; sourceTree = BUILT_PRODUCTS_DIR; };
		8FFBA2941FC50C2200D718A1 /* AppDelegate.swift */ = {isa = PBXFileReference; lastKnownFileType = sourcecode.swift; path = AppDelegate.swift; sourceTree = "<group>"; };
		8FFBA2961FC50C2200D718A1 /* LoginVC.swift */ = {isa = PBXFileReference; lastKnownFileType = sourcecode.swift; path = LoginVC.swift; sourceTree = "<group>"; };
		8FFBA2991FC50C2200D718A1 /* Base */ = {isa = PBXFileReference; lastKnownFileType = file.storyboard; name = Base; path = Base.lproj/Main.storyboard; sourceTree = "<group>"; };
		8FFBA29B1FC50C2200D718A1 /* Assets.xcassets */ = {isa = PBXFileReference; lastKnownFileType = folder.assetcatalog; path = Assets.xcassets; sourceTree = "<group>"; };
		8FFBA29E1FC50C2200D718A1 /* Base */ = {isa = PBXFileReference; lastKnownFileType = file.storyboard; name = Base; path = Base.lproj/LaunchScreen.storyboard; sourceTree = "<group>"; };
		8FFBA2A01FC50C2200D718A1 /* Info.plist */ = {isa = PBXFileReference; lastKnownFileType = text.plist.xml; path = Info.plist; sourceTree = "<group>"; };
		8FFBA2A61FC50D5D00D718A1 /* MusicListVC.swift */ = {isa = PBXFileReference; lastKnownFileType = sourcecode.swift; path = MusicListVC.swift; sourceTree = "<group>"; };
		8FFBA2A81FC5277300D718A1 /* PlaySongVC.swift */ = {isa = PBXFileReference; lastKnownFileType = sourcecode.swift; path = PlaySongVC.swift; sourceTree = "<group>"; };
/* End PBXFileReference section */

/* Begin PBXFrameworksBuildPhase section */
		8FFBA28E1FC50C2200D718A1 /* Frameworks */ = {
			isa = PBXFrameworksBuildPhase;
			buildActionMask = 2147483647;
			files = (
			);
			runOnlyForDeploymentPostprocessing = 0;
		};
/* End PBXFrameworksBuildPhase section */

/* Begin PBXGroup section */
		8FFBA2881FC50C2200D718A1 = {
			isa = PBXGroup;
			children = (
				8FFBA2931FC50C2200D718A1 /* SwappingScreen */,
				8FFBA2921FC50C2200D718A1 /* Products */,
			);
			sourceTree = "<group>";
		};
		8FFBA2921FC50C2200D718A1 /* Products */ = {
			isa = PBXGroup;
			children = (
				8FFBA2911FC50C2200D718A1 /* SwappingScreen.app */,
			);
			name = Products;
			sourceTree = "<group>";
		};
		8FFBA2931FC50C2200D718A1 /* SwappingScreen */ = {
			isa = PBXGroup;
			children = (
				8FFBA2941FC50C2200D718A1 /* AppDelegate.swift */,
				8FFBA2961FC50C2200D718A1 /* LoginVC.swift */,
				8FFBA2981FC50C2200D718A1 /* Main.storyboard */,
				8FFBA29B1FC50C2200D718A1 /* Assets.xcassets */,
				8FFBA29D1FC50C2200D718A1 /* LaunchScreen.storyboard */,
				8FFBA2A01FC50C2200D718A1 /* Info.plist */,
				8FFBA2A61FC50D5D00D718A1 /* MusicListVC.swift */,
				8FFBA2A81FC5277300D718A1 /* PlaySongVC.swift */,
			);
			path = SwappingScreen;
			sourceTree = "<group>";
		};
/* End PBXGroup section */

/* Begin PBXNativeTarget section */
		8FFBA2901FC50C2200D718A1 /* SwappingScreen */ = {
			isa = PBXNativeTarget;
			buildConfigurationList = 8FFBA2A31FC50C2200D718A1 /* Build configuration list for PBXNativeTarget "SwappingScreen" */;
			buildPhases = (
				8FFBA28D1FC50C2200D718A1 /* Sources */,
				8FFBA28E1FC50C2200D718A1 /* Frameworks */,
				8FFBA28F1FC50C2200D718A1 /* Resources */,
			);
			buildRules = (
			);
			dependencies = (
			);
			name = SwappingScreen;
			productName = SwappingScreen;
			productReference = 8FFBA2911FC50C2200D718A1 /* SwappingScreen.app */;
			productType = "com.apple.product-type.application";
		};
/* End PBXNativeTarget section */

/* Begin PBXProject section */
		8FFBA2891FC50C2200D718A1 /* Project object */ = {
			isa = PBXProject;
			attributes = {
				LastSwiftUpdateCheck = 0910;
				LastUpgradeCheck = 0910;
				ORGANIZATIONNAME = "Milind Patel";
				TargetAttributes = {
					8FFBA2901FC50C2200D718A1 = {
						CreatedOnToolsVersion = 9.1;
						ProvisioningStyle = Automatic;
					};
				};
			};
			buildConfigurationList = 8FFBA28C1FC50C2200D718A1 /* Build configuration list for PBXProject "SwappingScreen" */;
			compatibilityVersion = "Xcode 8.0";
			developmentRegion = en;
			hasScannedForEncodings = 0;
			knownRegions = (
				en,
				Base,
			);
			mainGroup = 8FFBA2881FC50C2200D718A1;
			productRefGroup = 8FFBA2921FC50C2200D718A1 /* Products */;
			projectDirPath = "";
			projectRoot = "";
			targets = (
				8FFBA2901FC50C2200D718A1 /* SwappingScreen */,
			);
		};
/* End PBXProject section */

/* Begin PBXResourcesBuildPhase section */
		8FFBA28F1FC50C2200D718A1 /* Resources */ = {
			isa = PBXResourcesBuildPhase;
			buildActionMask = 2147483647;
			files = (
				8FFBA29F1FC50C2200D718A1 /* LaunchScreen.storyboard in Resources */,
				8FFBA29C1FC50C2200D718A1 /* Assets.xcassets in Resources */,
				8FFBA29A1FC50C2200D718A1 /* Main.storyboard in Resources */,
			);
			runOnlyForDeploymentPostprocessing = 0;
		};
/* End PBXResourcesBuildPhase section */

/* Begin PBXSourcesBuildPhase section */
		8FFBA28D1FC50C2200D718A1 /* Sources */ = {
			isa = PBXSourcesBuildPhase;
			buildActionMask = 2147483647;
			files = (
				8FFBA2A71FC50D5D00D718A1 /* MusicListVC.swift in Sources */,
				8FFBA2A91FC5277300D718A1 /* PlaySongVC.swift in Sources */,
				8FFBA2971FC50C2200D718A1 /* LoginVC.swift in Sources */,
				8FFBA2951FC50C2200D718A1 /* AppDelegate.swift in Sources */,
			);
			runOnlyForDeploymentPostprocessing = 0;
		};
/* End PBXSourcesBuildPhase section */

/* Begin PBXVariantGroup section */
		8FFBA2981FC50C2200D718A1 /* Main.storyboard */ = {
			isa = PBXVariantGroup;
			children = (
				8FFBA2991FC50C2200D718A1 /* Base */,
			);
			name = Main.storyboard;
			sourceTree = "<group>";
		};
		8FFBA29D1FC50C2200D718A1 /* LaunchScreen.storyboard */ = {
			isa = PBXVariantGroup;
			children = (
				8FFBA29E1FC50C2200D718A1 /* Base */,
			);
			name = LaunchScreen.storyboard;
			sourceTree = "<group>";
		};
/* End PBXVariantGroup section */

/* Begin XCBuildConfiguration section */
		8FFBA2A11FC50C2200D718A1 /* Debug */ = {
			isa = XCBuildConfiguration;
			buildSettings = {
				ALWAYS_SEARCH_USER_PATHS = NO;
				CLANG_ANALYZER_NONNULL = YES;
				CLANG_ANALYZER_NUMBER_OBJECT_CONVERSION = YES_AGGRESSIVE;
				CLANG_CXX_LANGUAGE_STANDARD = "gnu++14";
				CLANG_CXX_LIBRARY = "libc++";
				CLANG_ENABLE_MODULES = YES;
				CLANG_ENABLE_OBJC_ARC = YES;
				CLANG_WARN_BLOCK_CAPTURE_AUTORELEASING = YES;
				CLANG_WARN_BOOL_CONVERSION = YES;
				CLANG_WARN_COMMA = YES;
				CLANG_WARN_CONSTANT_CONVERSION = YES;
				CLANG_WARN_DIRECT_OBJC_ISA_USAGE = YES_ERROR;
				CLANG_WARN_DOCUMENTATION_COMMENTS = YES;
				CLANG_WARN_EMPTY_BODY = YES;
				CLANG_WARN_ENUM_CONVERSION = YES;
				CLANG_WARN_INFINITE_RECURSION = YES;
				CLANG_WARN_INT_CONVERSION = YES;
				CLANG_WARN_NON_LITERAL_NULL_CONVERSION = YES;
				CLANG_WARN_OBJC_LITERAL_CONVERSION = YES;
				CLANG_WARN_OBJC_ROOT_CLASS = YES_ERROR;
				CLANG_WARN_RANGE_LOOP_ANALYSIS = YES;
				CLANG_WARN_STRICT_PROTOTYPES = YES;
				CLANG_WARN_SUSPICIOUS_MOVE = YES;
				CLANG_WARN_UNGUARDED_AVAILABILITY = YES_AGGRESSIVE;
				CLANG_WARN_UNREACHABLE_CODE = YES;
				CLANG_WARN__DUPLICATE_METHOD_MATCH = YES;
				CODE_SIGN_IDENTITY = "iPhone Developer";
				COPY_PHASE_STRIP = NO;
				DEBUG_INFORMATION_FORMAT = dwarf;
				ENABLE_STRICT_OBJC_MSGSEND = YES;
				ENABLE_TESTABILITY = YES;
				GCC_C_LANGUAGE_STANDARD = gnu11;
				GCC_DYNAMIC_NO_PIC = NO;
				GCC_NO_COMMON_BLOCKS = YES;
				GCC_OPTIMIZATION_LEVEL = 0;
				GCC_PREPROCESSOR_DEFINITIONS = (
					"DEBUG=1",
					"$(inherited)",
				);
				GCC_WARN_64_TO_32_BIT_CONVERSION = YES;
				GCC_WARN_ABOUT_RETURN_TYPE = YES_ERROR;
				GCC_WARN_UNDECLARED_SELECTOR = YES;
				GCC_WARN_UNINITIALIZED_AUTOS = YES_AGGRESSIVE;
				GCC_WARN_UNUSED_FUNCTION = YES;
				GCC_WARN_UNUSED_VARIABLE = YES;
				IPHONEOS_DEPLOYMENT_TARGET = 11.1;
				MTL_ENABLE_DEBUG_INFO = YES;
				ONLY_ACTIVE_ARCH = YES;
				SDKROOT = iphoneos;
				SWIFT_ACTIVE_COMPILATION_CONDITIONS = DEBUG;
				SWIFT_OPTIMIZATION_LEVEL = "-Onone";
			};
			name = Debug;
		};
		8FFBA2A21FC50C2200D718A1 /* Release */ = {
			isa = XCBuildConfiguration;
			buildSettings = {
				ALWAYS_SEARCH_USER_PATHS = NO;
				CLANG_ANALYZER_NONNULL = YES;
				CLANG_ANALYZER_NUMBER_OBJECT_CONVERSION = YES_AGGRESSIVE;
				CLANG_CXX_LANGUAGE_STANDARD = "gnu++14";
				CLANG_CXX_LIBRARY = "libc++";
				CLANG_ENABLE_MODULES = YES;
				CLANG_ENABLE_OBJC_ARC = YES;
				CLANG_WARN_BLOCK_CAPTURE_AUTORELEASING = YES;
				CLANG_WARN_BOOL_CONVERSION = YES;
				CLANG_WARN_COMMA = YES;
				CLANG_WARN_CONSTANT_CONVERSION = YES;
				CLANG_WARN_DIRECT_OBJC_ISA_USAGE = YES_ERROR;
				CLANG_WARN_DOCUMENTATION_COMMENTS = YES;
				CLANG_WARN_EMPTY_BODY = YES;
				CLANG_WARN_ENUM_CONVERSION = YES;
				CLANG_WARN_INFINITE_RECURSION = YES;
				CLANG_WARN_INT_CONVERSION = YES;
				CLANG_WARN_NON_LITERAL_NULL_CONVERSION = YES;
				CLANG_WARN_OBJC_LITERAL_CONVERSION = YES;
				CLANG_WARN_OBJC_ROOT_CLASS = YES_ERROR;
				CLANG_WARN_RANGE_LOOP_ANALYSIS = YES;
				CLANG_WARN_STRICT_PROTOTYPES = YES;
				CLANG_WARN_SUSPICIOUS_MOVE = YES;
				CLANG_WARN_UNGUARDED_AVAILABILITY = YES_AGGRESSIVE;
				CLANG_WARN_UNREACHABLE_CODE = YES;
				CLANG_WARN__DUPLICATE_METHOD_MATCH = YES;
				CODE_SIGN_IDENTITY = "iPhone Developer";
				COPY_PHASE_STRIP = NO;
				DEBUG_INFORMATION_FORMAT = "dwarf-with-dsym";
				ENABLE_NS_ASSERTIONS = NO;
				ENABLE_STRICT_OBJC_MSGSEND = YES;
				GCC_C_LANGUAGE_STANDARD = gnu11;
				GCC_NO_COMMON_BLOCKS = YES;
				GCC_WARN_64_TO_32_BIT_CONVERSION = YES;
				GCC_WARN_ABOUT_RETURN_TYPE = YES_ERROR;
				GCC_WARN_UNDECLARED_SELECTOR = YES;
				GCC_WARN_UNINITIALIZED_AUTOS = YES_AGGRESSIVE;
				GCC_WARN_UNUSED_FUNCTION = YES;
				GCC_WARN_UNUSED_VARIABLE = YES;
				IPHONEOS_DEPLOYMENT_TARGET = 11.1;
				MTL_ENABLE_DEBUG_INFO = NO;
				SDKROOT = iphoneos;
				SWIFT_OPTIMIZATION_LEVEL = "-Owholemodule";
				VALIDATE_PRODUCT = YES;
			};
			name = Release;
		};
		8FFBA2A41FC50C2200D718A1 /* Debug */ = {
			isa = XCBuildConfiguration;
			buildSettings = {
				ASSETCATALOG_COMPILER_APPICON_NAME = AppIcon;
				CODE_SIGN_STYLE = Automatic;
				INFOPLIST_FILE = SwappingScreen/Info.plist;
				LD_RUNPATH_SEARCH_PATHS = "$(inherited) @executable_path/Frameworks";
				PRODUCT_BUNDLE_IDENTIFIER = ca.Milindd.SwappingScreen;
				PRODUCT_NAME = "$(TARGET_NAME)";
				SWIFT_VERSION = 4.0;
				TARGETED_DEVICE_FAMILY = "1,2";
			};
			name = Debug;
		};
		8FFBA2A51FC50C2200D718A1 /* Release */ = {
			isa = XCBuildConfiguration;
			buildSettings = {
				ASSETCATALOG_COMPILER_APPICON_NAME = AppIcon;
				CODE_SIGN_STYLE = Automatic;
				INFOPLIST_FILE = SwappingScreen/Info.plist;
				LD_RUNPATH_SEARCH_PATHS = "$(inherited) @executable_path/Frameworks";
				PRODUCT_BUNDLE_IDENTIFIER = ca.Milindd.SwappingScreen;
				PRODUCT_NAME = "$(TARGET_NAME)";
				SWIFT_VERSION = 4.0;
				TARGETED_DEVICE_FAMILY = "1,2";
			};
			name = Release;
		};
/* End XCBuildConfiguration section */

/* Begin XCConfigurationList section */
		8FFBA28C1FC50C2200D718A1 /* Build configuration list for PBXProject "SwappingScreen" */ = {
			isa = XCConfigurationList;
			buildConfigurations = (
				8FFBA2A11FC50C2200D718A1 /* Debug */,
				8FFBA2A21FC50C2200D718A1 /* Release */,
			);
			defaultConfigurationIsVisible = 0;
			defaultConfigurationName = Release;
		};
		8FFBA2A31FC50C2200D718A1 /* Build configuration list for PBXNativeTarget "SwappingScreen" */ = {
			isa = XCConfigurationList;
			buildConfigurations = (
				8FFBA2A41FC50C2200D718A1 /* Debug */,
				8FFBA2A51FC50C2200D718A1 /* Release */,
			);
			defaultConfigurationIsVisible = 0;
			defaultConfigurationName = Release;
		};
/* End XCConfigurationList section */
	};
	rootObject = 8FFBA2891FC50C2200D718A1 /* Project object */;
}
